
Microsoft Visual Studio Solution File, Format Version 12.00
# Visual Studio 15
VisualStudioVersion = 15.0.28010.2048
MinimumVisualStudioVersion = 10.0.40219.1
Project("{FAE04EC0-301F-11D3-BF4B-00C04F79EFBC}") = "ex3", "ex3\ex3.csproj", "{43E956CA-ED09-41CD-AEB6-D97358D8A879}"
EndProject
Global
	GlobalSection(SolutionConfigurationPlatforms) = preSolution
		Debug|Any CPU = Debug|Any CPU
		Release|Any CPU = Release|Any CPU
	EndGlobalSection
	GlobalSection(ProjectConfigurationPlatforms) = postSolution
		{43E956CA-ED09-41CD-AEB6-D97358D8A879}.Debug|Any CPU.ActiveCfg = Debug|Any CPU
		{43E956CA-ED09-41CD-AEB6-D97358D8A879}.Debug|Any CPU.Build.0 = Debug|Any CPU
		{43E956CA-ED09-41CD-AEB6-D97358D8A879}.Release|Any CPU.ActiveCfg = Release|Any CPU
		{43E956CA-ED09-41CD-AEB6-D97358D8A879}.Release|Any CPU.Build.0 = Release|Any CPU
	EndGlobalSection
	GlobalSection(SolutionProperties) = preSolution
		HideSolutionNode = FALSE
	EndGlobalSection
	GlobalSection(ExtensibilityGlobals) = postSolution
		SolutionGuid = {7B9B55E0-1D78-4DD3-9345-EE8B493A4FA6}
	EndGlobalSection
EndGlobal
